
Microsoft Visual Studio Solution File, Format Version 12.00
# Visual Studio 2013
VisualStudioVersion = 12.0.40629.0
MinimumVisualStudioVersion = 10.0.40219.1
Project("{FAE04EC0-301F-11D3-BF4B-00C04F79EFBC}") = "Family Tree", "Family Tree\Family Tree.csproj", "{AFF21EB6-73CB-448B-8D1E-BB5F9D8A7FBB}"
EndProject
Global
	GlobalSection(SolutionConfigurationPlatforms) = preSolution
		Debug|Any CPU = Debug|Any CPU
		Release|Any CPU = Release|Any CPU
	EndGlobalSection
	GlobalSection(ProjectConfigurationPlatforms) = postSolution
		{AFF21EB6-73CB-448B-8D1E-BB5F9D8A7FBB}.Debug|Any CPU.ActiveCfg = Debug|Any CPU
		{AFF21EB6-73CB-448B-8D1E-BB5F9D8A7FBB}.Debug|Any CPU.Build.0 = Debug|Any CPU
		{AFF21EB6-73CB-448B-8D1E-BB5F9D8A7FBB}.Release|Any CPU.ActiveCfg = Release|Any CPU
		{AFF21EB6-73CB-448B-8D1E-BB5F9D8A7FBB}.Release|Any CPU.Build.0 = Release|Any CPU
	EndGlobalSection
	GlobalSection(SolutionProperties) = preSolution
		HideSolutionNode = FALSE
	EndGlobalSection
EndGlobal
